
Microsoft Visual Studio Solution File, Format Version 12.00
# Visual Studio 15
VisualStudioVersion = 15.0.27428.2027
MinimumVisualStudioVersion = 10.0.40219.1
Project("{2150E333-8FDC-42A3-9474-1A3956D46DE8}") = "02设计和实现服务协定", "02设计和实现服务协定", "{F0483D24-D512-47F3-AD89-2E6AAE0D89AA}"
EndProject
Project("{FAE04EC0-301F-11D3-BF4B-00C04F79EFBC}") = "WcfServiceDemoOne", "WcfServiceDemoOne\WcfServiceDemoOne.csproj", "{E3FB6D7A-9554-4F15-88AF-31A29AE75AA8}"
EndProject
Project("{FAE04EC0-301F-11D3-BF4B-00C04F79EFBC}") = "WcfServiceDemoOneConsoleClient", "WcfServiceDemoOneConsoleClient\WcfServiceDemoOneConsoleClient.csproj", "{F8E4709C-D1AB-4DA3-9314-4DF096BDED13}"
	ProjectSection(ProjectDependencies) = postProject
		{E3FB6D7A-9554-4F15-88AF-31A29AE75AA8} = {E3FB6D7A-9554-4F15-88AF-31A29AE75AA8}
	EndProjectSection
EndProject
Project("{2150E333-8FDC-42A3-9474-1A3956D46DE8}") = "普通模式", "普通模式", "{17580D7A-84D1-4CE3-B69D-2D407209BDCC}"
EndProject
Project("{FAE04EC0-301F-11D3-BF4B-00C04F79EFBC}") = "WcfServiceDemoTwo", "WcfServiceDemoTwo\WcfServiceDemoTwo.csproj", "{55267FA4-273E-41B5-8E7F-4A8992C05502}"
EndProject
Project("{FAE04EC0-301F-11D3-BF4B-00C04F79EFBC}") = "WcfServiceDemoTwoConsoleClient", "WcfServiceDemoTwoConsoleClient\WcfServiceDemoTwoConsoleClient.csproj", "{A551B4DC-A325-40EE-9566-6E4369592139}"
	ProjectSection(ProjectDependencies) = postProject
		{55267FA4-273E-41B5-8E7F-4A8992C05502} = {55267FA4-273E-41B5-8E7F-4A8992C05502}
	EndProjectSection
EndProject
Project("{2150E333-8FDC-42A3-9474-1A3956D46DE8}") = "单向模式", "单向模式", "{B89E48A3-3A0B-4647-8C0E-46EA540DE0D2}"
EndProject
Project("{2150E333-8FDC-42A3-9474-1A3956D46DE8}") = "双向模式", "双向模式", "{C265C753-4964-4410-B419-D81458B556BF}"
EndProject
Project("{FAE04EC0-301F-11D3-BF4B-00C04F79EFBC}") = "WcfServiceDemoThree", "WcfServiceDemoThree\WcfServiceDemoThree.csproj", "{9B13BAAD-1BD5-4AAF-A4DF-F310F5B8C9B3}"
EndProject
Project("{FAE04EC0-301F-11D3-BF4B-00C04F79EFBC}") = "WcfServiceDemoThreeConsoleClient", "WcfServiceDemoThreeConsoleClient\WcfServiceDemoThreeConsoleClient.csproj", "{C2CFA2C9-713C-4146-A573-C7DCBFA9BA55}"
	ProjectSection(ProjectDependencies) = postProject
		{9B13BAAD-1BD5-4AAF-A4DF-F310F5B8C9B3} = {9B13BAAD-1BD5-4AAF-A4DF-F310F5B8C9B3}
	EndProjectSection
EndProject
Project("{FAE04EC0-301F-11D3-BF4B-00C04F79EFBC}") = "WcfServiceDemoData", "WcfServiceDemoData\WcfServiceDemoData.csproj", "{96A3DC39-FF93-4232-B039-FF91294CDCDE}"
EndProject
Project("{FAE04EC0-301F-11D3-BF4B-00C04F79EFBC}") = "WcfServiceDemoDataClient", "WcfServiceDemoDataClient\WcfServiceDemoDataClient.csproj", "{20329014-01A5-4820-87F8-DAA69D47C91D}"
	ProjectSection(ProjectDependencies) = postProject
		{96A3DC39-FF93-4232-B039-FF91294CDCDE} = {96A3DC39-FF93-4232-B039-FF91294CDCDE}
	EndProjectSection
EndProject
Project("{2150E333-8FDC-42A3-9474-1A3956D46DE8}") = "数据协定 传参方式", "数据协定 传参方式", "{9C34A586-34A6-472F-B937-08DBCADBAB87}"
EndProject
Project("{2150E333-8FDC-42A3-9474-1A3956D46DE8}") = "03如何配置和承载服务", "03如何配置和承载服务", "{84EC8A14-E179-4A40-8C23-90D03C142992}"
EndProject
Project("{FAE04EC0-301F-11D3-BF4B-00C04F79EFBC}") = "WcfServiceViaConfig", "WcfServiceViaConfig\WcfServiceViaConfig.csproj", "{9541054B-BDB9-41A3-8BE9-08449F5CCA96}"
EndProject
Project("{FAE04EC0-301F-11D3-BF4B-00C04F79EFBC}") = "ConsoleServer", "ConsoleServer\ConsoleServer.csproj", "{D5313F88-498B-4A12-A4B7-E71923F9E9B2}"
EndProject
Project("{2150E333-8FDC-42A3-9474-1A3956D46DE8}") = "配置文件", "配置文件", "{AD4F5230-E4D6-4712-9700-FE859C6EFC4D}"
EndProject
Project("{2150E333-8FDC-42A3-9474-1A3956D46DE8}") = "无宿主", "无宿主", "{E4E34842-1EE5-4F1E-B231-81EE83DF3BC5}"
EndProject
Project("{2150E333-8FDC-42A3-9474-1A3956D46DE8}") = "04WCF客户端怎么消费服务", "04WCF客户端怎么消费服务", "{2A0B3BFF-4AFC-4AC5-AF9E-BCC08CDD6BC1}"
EndProject
Project("{FAE04EC0-301F-11D3-BF4B-00C04F79EFBC}") = "WcfServiceServer", "WcfServiceServer\WcfServiceServer.csproj", "{2F8F8CB2-786D-423F-B53F-97E59CBAF688}"
EndProject
Project("{FAE04EC0-301F-11D3-BF4B-00C04F79EFBC}") = "WcfServiceServerConsoleClient", "WcfServiceServerConsoleClient\WcfServiceServerConsoleClient.csproj", "{FA68C197-0B8D-4666-BFB4-4872906AACFC}"
EndProject
Project("{2150E333-8FDC-42A3-9474-1A3956D46DE8}") = "05数据协定和消息协定", "05数据协定和消息协定", "{685819A0-68B0-4BC6-B987-73F98B7405C0}"
EndProject
Project("{FAE04EC0-301F-11D3-BF4B-00C04F79EFBC}") = "WcfServiceDemoDataMessage", "WcfServiceDemoDataMessage\WcfServiceDemoDataMessage.csproj", "{7DF22143-E1FF-4DA6-BF1C-2F83C6540E47}"
EndProject
Project("{FAE04EC0-301F-11D3-BF4B-00C04F79EFBC}") = "WcfServiceDemoDataMessageClient", "WcfServiceDemoDataMessageClient\WcfServiceDemoDataMessageClient.csproj", "{06EC1F75-0A92-4F1A-A818-A1004C935556}"
EndProject
Project("{2150E333-8FDC-42A3-9474-1A3956D46DE8}") = "06处理会话、实例化和并发", "06处理会话、实例化和并发", "{2EF58965-2483-47F0-AF5D-3C1FF34E5300}"
EndProject
Project("{2150E333-8FDC-42A3-9474-1A3956D46DE8}") = "02处理会话", "02处理会话", "{3FE880BF-CC04-4789-BA7A-342E996FDAB4}"
EndProject
Project("{2150E333-8FDC-42A3-9474-1A3956D46DE8}") = "001每调用实例PerCall", "001每调用实例PerCall", "{36D2430C-0693-4C81-BB8B-C63AC980702C}"
EndProject
Project("{FAE04EC0-301F-11D3-BF4B-00C04F79EFBC}") = "WcfServiceDemoPerCall", "WcfServiceDemoPerCall\WcfServiceDemoPerCall.csproj", "{16E9CC82-91DA-4706-812B-1C1B4E4131B5}"
EndProject
Project("{FAE04EC0-301F-11D3-BF4B-00C04F79EFBC}") = "WcfServiceDemoPerCallConsoleClient", "WcfServiceDemoPerCallConsoleClient\WcfServiceDemoPerCallConsoleClient.csproj", "{1086C0F1-AAC7-4ACE-9E97-C2C28965A9DE}"
EndProject
Project("{2150E333-8FDC-42A3-9474-1A3956D46DE8}") = "002每调用实例PerSession", "002每调用实例PerSession", "{404F5CC3-6F2D-468F-B83B-460CC60C2FF5}"
EndProject
Project("{FAE04EC0-301F-11D3-BF4B-00C04F79EFBC}") = "WcfServiceDemoPerSession", "WcfServiceDemoPerSession\WcfServiceDemoPerSession.csproj", "{054B43B6-2BC3-426E-A734-903B6087FE1F}"
EndProject
Project("{FAE04EC0-301F-11D3-BF4B-00C04F79EFBC}") = "WcfServiceDemoPerSessionConsoleClient", "WcfServiceDemoPerSessionConsoleClient\WcfServiceDemoPerSessionConsoleClient.csproj", "{E1174B7D-AE8C-464E-B390-44D41642B430}"
EndProject
Project("{2150E333-8FDC-42A3-9474-1A3956D46DE8}") = "003单一实例Single", "003单一实例Single", "{C266B2FE-1E37-40DE-8780-A3E54864B56F}"
EndProject
Project("{FAE04EC0-301F-11D3-BF4B-00C04F79EFBC}") = "WcfServiceDemoSingle", "WcfServiceDemoSingle\WcfServiceDemoSingle.csproj", "{08A90172-73A5-49F8-BCE6-1A78AC4C8E82}"
EndProject
Project("{FAE04EC0-301F-11D3-BF4B-00C04F79EFBC}") = "WcfServiceDemoSingleConsoleClient", "WcfServiceDemoSingleConsoleClient\WcfServiceDemoSingleConsoleClient.csproj", "{86A311F9-44B4-4F71-B84D-29EF486BF21B}"
EndProject
Project("{2150E333-8FDC-42A3-9474-1A3956D46DE8}") = "01会话", "01会话", "{5B7948AC-B5B4-4B55-8933-755075DCE4AE}"
EndProject
Project("{FAE04EC0-301F-11D3-BF4B-00C04F79EFBC}") = "WcfServiceDemoSessionModeRequired", "WcfServiceDemoSessionMode\WcfServiceDemoSessionModeRequired.csproj", "{E94BBE24-18FD-49A4-BA5E-810B3CD47172}"
EndProject
Project("{2150E333-8FDC-42A3-9474-1A3956D46DE8}") = "002Required", "002Required", "{21B6A8E2-DFC0-4488-A9C6-BD4E87FF902A}"
EndProject
Project("{FAE04EC0-301F-11D3-BF4B-00C04F79EFBC}") = "WcfServiceDemoSessionModeRequiredConsole", "WcfServiceDemoSessionModeRequiredConsole\WcfServiceDemoSessionModeRequiredConsole.csproj", "{8DA562B4-6255-4199-AB0A-823D241C6E8A}"
EndProject
Project("{2150E333-8FDC-42A3-9474-1A3956D46DE8}") = "001Allowed", "001Allowed", "{C8A9959D-E7EC-4C8E-A6F5-0B5C24CDA56F}"
EndProject
Project("{FAE04EC0-301F-11D3-BF4B-00C04F79EFBC}") = "WcfServiceDemoSessionModeAllowed", "WcfServiceDemoSessionModeAllowed\WcfServiceDemoSessionModeAllowed.csproj", "{49DA977E-4C9F-42CA-BBB3-B99C26A0470F}"
EndProject
Project("{FAE04EC0-301F-11D3-BF4B-00C04F79EFBC}") = "WcfServiceDemoSessionModeAllowedConsole", "WcfServiceDemoSessionModeAllowedConsole\WcfServiceDemoSessionModeAllowedConsole.csproj", "{888DF1BF-7BB1-4A40-BBD0-A8E5EE066E58}"
EndProject
Project("{2150E333-8FDC-42A3-9474-1A3956D46DE8}") = "003NotAllowed", "003NotAllowed", "{30EEDE78-4BE9-48FD-B0A6-AE2C1A39F855}"
EndProject
Project("{FAE04EC0-301F-11D3-BF4B-00C04F79EFBC}") = "WcfServiceDemoSessionModeNotAllowed", "WcfServiceDemoSessionModeNotAllowed\WcfServiceDemoSessionModeNotAllowed.csproj", "{FCE1993E-4F4B-4B18-B594-44531B988DB4}"
EndProject
Project("{FAE04EC0-301F-11D3-BF4B-00C04F79EFBC}") = "WcfServiceDemoSessionModeNotAllowedClient", "WcfServiceDemoSessionModeNotAllowedClient\WcfServiceDemoSessionModeNotAllowedClient.csproj", "{A40E27B2-5770-438D-94C4-CD2F10745398}"
EndProject
Project("{2150E333-8FDC-42A3-9474-1A3956D46DE8}") = "03并发", "03并发", "{A3ECFC0A-C186-484C-8DCD-9BF1371241E6}"
EndProject
Project("{2150E333-8FDC-42A3-9474-1A3956D46DE8}") = "001Single+Per-Call", "001Single+Per-Call", "{A0AB84B6-45EC-429E-974B-939CF0D8FAAC}"
EndProject
Project("{FAE04EC0-301F-11D3-BF4B-00C04F79EFBC}") = "SinglePerCall", "SinglePerCall\SinglePerCall.csproj", "{CB600552-285B-4368-9845-04B8ED154B27}"
EndProject
Project("{FAE04EC0-301F-11D3-BF4B-00C04F79EFBC}") = "SinglePerCallClient", "SinglePerCallClient\SinglePerCallClient.csproj", "{7F8E466C-6EB4-48B5-A0F6-07233F31FA0A}"
EndProject
Project("{2150E333-8FDC-42A3-9474-1A3956D46DE8}") = "002Single+Per-Session", "002Single+Per-Session", "{74A4C65A-2DA5-4350-B822-C2A66F5A1368}"
EndProject
Project("{FAE04EC0-301F-11D3-BF4B-00C04F79EFBC}") = "SinglePerSession", "SinglePerSession\SinglePerSession.csproj", "{14AB864E-BCB7-4AE6-958F-17FFF2BA4F36}"
EndProject
Project("{FAE04EC0-301F-11D3-BF4B-00C04F79EFBC}") = "SinglePerSessionClient", "SinglePerSessionClient\SinglePerSessionClient.csproj", "{6DB332A1-607B-4040-B743-B60D42915BF9}"
EndProject
Project("{2150E333-8FDC-42A3-9474-1A3956D46DE8}") = "003Multiple+Per-Session", "003Multiple+Per-Session", "{786CC589-C736-4E30-861F-D856781DF981}"
EndProject
Project("{FAE04EC0-301F-11D3-BF4B-00C04F79EFBC}") = "MultiplePerSession", "MultiplePerSession\MultiplePerSession.csproj", "{4B40BC9D-E888-485F-A0D0-EB9E5699D7A1}"
EndProject
Project("{FAE04EC0-301F-11D3-BF4B-00C04F79EFBC}") = "MultiplePerSessionClient", "MultiplePerSessionClient\MultiplePerSessionClient.csproj", "{D56880AA-BCEE-4E72-B1A2-C196C760D258}"
EndProject
Project("{2150E333-8FDC-42A3-9474-1A3956D46DE8}") = "07身份验证及授权", "07身份验证及授权", "{E1C7D6CA-8661-4FC9-A0B6-9902297C3367}"
EndProject
Project("{2150E333-8FDC-42A3-9474-1A3956D46DE8}") = "01使用UserName和HTTPS确保传输安全", "01使用UserName和HTTPS确保传输安全", "{AB692E27-DB3C-4F17-99E6-1A2FD0A55C05}"
EndProject
Project("{FAE04EC0-301F-11D3-BF4B-00C04F79EFBC}") = "UserNameHttps", "UserNameHttps\UserNameHttps.csproj", "{9D6D9859-79E8-4143-A021-428365BA8CB5}"
EndProject
Project("{FAE04EC0-301F-11D3-BF4B-00C04F79EFBC}") = "UserNameHttpsClient", "UserNameHttpsClient\UserNameHttpsClient.csproj", "{555ABF1F-4D29-47C4-B2FD-373922054712}"
EndProject
Project("{2150E333-8FDC-42A3-9474-1A3956D46DE8}") = "02使用证书确保传输安全", "02使用证书确保传输安全", "{20D256E6-99C3-48BA-89C7-73E26840BAFF}"
EndProject
Project("{FAE04EC0-301F-11D3-BF4B-00C04F79EFBC}") = "UseCertification", "UseCertification\UseCertification.csproj", "{FB6ACE7C-ACB5-4643-9842-DC2ED03372EF}"
EndProject
Project("{FAE04EC0-301F-11D3-BF4B-00C04F79EFBC}") = "UseCertificationClient", "UseCertificationClient\UseCertificationClient.csproj", "{FAAD71D7-9909-41B9-B047-A26D72914C7C}"
EndProject
Project("{2150E333-8FDC-42A3-9474-1A3956D46DE8}") = "08RestFul风格WCF架构", "08RestFul风格WCF架构", "{763E72C0-611C-4411-9421-FD022406A701}"
EndProject
Project("{2150E333-8FDC-42A3-9474-1A3956D46DE8}") = "01使用类库创建RestFul风格wcf服务", "01使用类库创建RestFul风格wcf服务", "{AF5978D4-6435-45D6-8A50-49008D76BFDD}"
EndProject
Project("{FAE04EC0-301F-11D3-BF4B-00C04F79EFBC}") = "WcfServerByLiberary", "WcfServerByLiberary\WcfServerByLiberary.csproj", "{305CA141-88FF-4DE3-92B0-46F4F8FC90EE}"
EndProject
Project("{FAE04EC0-301F-11D3-BF4B-00C04F79EFBC}") = "WcfServerByLiberaryHost", "WcfServerByLiberaryHost\WcfServerByLiberaryHost.csproj", "{2365E528-D1DB-43CF-B6A8-021F2F972799}"
EndProject
Project("{FAE04EC0-301F-11D3-BF4B-00C04F79EFBC}") = "WcfServerByLiberaryClient", "WcfServerByLiberaryClient\WcfServerByLiberaryClient.csproj", "{601F3508-2101-492A-BD65-F7BB34D2614A}"
EndProject
Project("{2150E333-8FDC-42A3-9474-1A3956D46DE8}") = "09使用Jquery消费WCF服务", "09使用Jquery消费WCF服务", "{7458AA09-1DEC-48A3-B65D-424C5BC54D3D}"
EndProject
Project("{2150E333-8FDC-42A3-9474-1A3956D46DE8}") = "01基于ASPNET与类库的Ajax", "01基于ASPNET与类库的Ajax", "{A1297A0C-8404-4BC6-8819-5FD88A6B01DA}"
EndProject
Project("{FAE04EC0-301F-11D3-BF4B-00C04F79EFBC}") = "WcfServerByLiberaryAjax", "WcfServerByLiberaryAjax\WcfServerByLiberaryAjax.csproj", "{CAA0FD28-0988-4BB6-99A2-D69CE527D683}"
EndProject
Project("{FAE04EC0-301F-11D3-BF4B-00C04F79EFBC}") = "WcfServerByLiberaryAjaxHost", "WcfServerByLiberaryAjaxHost\WcfServerByLiberaryAjaxHost.csproj", "{6F1A3025-BBD3-4103-A68B-8259D82FCD77}"
EndProject
Project("{FAE04EC0-301F-11D3-BF4B-00C04F79EFBC}") = "WcfServerByLiberaryAjaxClient", "WcfServerByLiberaryAjaxClient\WcfServerByLiberaryAjaxClient.csproj", "{6AC92835-F480-4FD5-A469-58ECF2EE4158}"
EndProject
Project("{2150E333-8FDC-42A3-9474-1A3956D46DE8}") = "10利用路由开发分布式服务", "10利用路由开发分布式服务", "{7A795BEE-500B-4509-9CA9-BC460DB37590}"
EndProject
Project("{FAE04EC0-301F-11D3-BF4B-00C04F79EFBC}") = "WcfServiceA", "WcfServiceA\WcfServiceA.csproj", "{1B6687AA-C55B-42BE-BD3C-B3ACAA1EC219}"
EndProject
Project("{FAE04EC0-301F-11D3-BF4B-00C04F79EFBC}") = "WcfServiceB", "WcfServiceB\WcfServiceB.csproj", "{31D77AB0-ED45-456A-86A9-6811FBEC56CC}"
EndProject
Project("{FAE04EC0-301F-11D3-BF4B-00C04F79EFBC}") = "WcfServiceRouteServer", "WcfServiceRouteServer\WcfServiceRouteServer.csproj", "{DB1F63E1-4402-48AC-A7B9-0602579CFF43}"
EndProject
Project("{FAE04EC0-301F-11D3-BF4B-00C04F79EFBC}") = "WcfServiceRouteServerClient", "WcfServiceRouteServerClient\WcfServiceRouteServerClient.csproj", "{8BBA4496-C481-4951-88E6-C92A276CF787}"
EndProject
Global
	GlobalSection(SolutionConfigurationPlatforms) = preSolution
		Debug|Any CPU = Debug|Any CPU
		Release|Any CPU = Release|Any CPU
	EndGlobalSection
	GlobalSection(ProjectConfigurationPlatforms) = postSolution
		{E3FB6D7A-9554-4F15-88AF-31A29AE75AA8}.Debug|Any CPU.ActiveCfg = Debug|Any CPU
		{E3FB6D7A-9554-4F15-88AF-31A29AE75AA8}.Debug|Any CPU.Build.0 = Debug|Any CPU
		{E3FB6D7A-9554-4F15-88AF-31A29AE75AA8}.Release|Any CPU.ActiveCfg = Release|Any CPU
		{E3FB6D7A-9554-4F15-88AF-31A29AE75AA8}.Release|Any CPU.Build.0 = Release|Any CPU
		{F8E4709C-D1AB-4DA3-9314-4DF096BDED13}.Debug|Any CPU.ActiveCfg = Debug|Any CPU
		{F8E4709C-D1AB-4DA3-9314-4DF096BDED13}.Debug|Any CPU.Build.0 = Debug|Any CPU
		{F8E4709C-D1AB-4DA3-9314-4DF096BDED13}.Release|Any CPU.ActiveCfg = Release|Any CPU
		{F8E4709C-D1AB-4DA3-9314-4DF096BDED13}.Release|Any CPU.Build.0 = Release|Any CPU
		{55267FA4-273E-41B5-8E7F-4A8992C05502}.Debug|Any CPU.ActiveCfg = Debug|Any CPU
		{55267FA4-273E-41B5-8E7F-4A8992C05502}.Debug|Any CPU.Build.0 = Debug|Any CPU
		{55267FA4-273E-41B5-8E7F-4A8992C05502}.Release|Any CPU.ActiveCfg = Release|Any CPU
		{55267FA4-273E-41B5-8E7F-4A8992C05502}.Release|Any CPU.Build.0 = Release|Any CPU
		{A551B4DC-A325-40EE-9566-6E4369592139}.Debug|Any CPU.ActiveCfg = Debug|Any CPU
		{A551B4DC-A325-40EE-9566-6E4369592139}.Debug|Any CPU.Build.0 = Debug|Any CPU
		{A551B4DC-A325-40EE-9566-6E4369592139}.Release|Any CPU.ActiveCfg = Release|Any CPU
		{A551B4DC-A325-40EE-9566-6E4369592139}.Release|Any CPU.Build.0 = Release|Any CPU
		{9B13BAAD-1BD5-4AAF-A4DF-F310F5B8C9B3}.Debug|Any CPU.ActiveCfg = Debug|Any CPU
		{9B13BAAD-1BD5-4AAF-A4DF-F310F5B8C9B3}.Debug|Any CPU.Build.0 = Debug|Any CPU
		{9B13BAAD-1BD5-4AAF-A4DF-F310F5B8C9B3}.Release|Any CPU.ActiveCfg = Release|Any CPU
		{9B13BAAD-1BD5-4AAF-A4DF-F310F5B8C9B3}.Release|Any CPU.Build.0 = Release|Any CPU
		{C2CFA2C9-713C-4146-A573-C7DCBFA9BA55}.Debug|Any CPU.ActiveCfg = Debug|Any CPU
		{C2CFA2C9-713C-4146-A573-C7DCBFA9BA55}.Debug|Any CPU.Build.0 = Debug|Any CPU
		{C2CFA2C9-713C-4146-A573-C7DCBFA9BA55}.Release|Any CPU.ActiveCfg = Release|Any CPU
		{C2CFA2C9-713C-4146-A573-C7DCBFA9BA55}.Release|Any CPU.Build.0 = Release|Any CPU
		{96A3DC39-FF93-4232-B039-FF91294CDCDE}.Debug|Any CPU.ActiveCfg = Debug|Any CPU
		{96A3DC39-FF93-4232-B039-FF91294CDCDE}.Debug|Any CPU.Build.0 = Debug|Any CPU
		{96A3DC39-FF93-4232-B039-FF91294CDCDE}.Release|Any CPU.ActiveCfg = Release|Any CPU
		{96A3DC39-FF93-4232-B039-FF91294CDCDE}.Release|Any CPU.Build.0 = Release|Any CPU
		{20329014-01A5-4820-87F8-DAA69D47C91D}.Debug|Any CPU.ActiveCfg = Debug|Any CPU
		{20329014-01A5-4820-87F8-DAA69D47C91D}.Debug|Any CPU.Build.0 = Debug|Any CPU
		{20329014-01A5-4820-87F8-DAA69D47C91D}.Release|Any CPU.ActiveCfg = Release|Any CPU
		{20329014-01A5-4820-87F8-DAA69D47C91D}.Release|Any CPU.Build.0 = Release|Any CPU
		{9541054B-BDB9-41A3-8BE9-08449F5CCA96}.Debug|Any CPU.ActiveCfg = Debug|Any CPU
		{9541054B-BDB9-41A3-8BE9-08449F5CCA96}.Debug|Any CPU.Build.0 = Debug|Any CPU
		{9541054B-BDB9-41A3-8BE9-08449F5CCA96}.Release|Any CPU.ActiveCfg = Release|Any CPU
		{9541054B-BDB9-41A3-8BE9-08449F5CCA96}.Release|Any CPU.Build.0 = Release|Any CPU
		{D5313F88-498B-4A12-A4B7-E71923F9E9B2}.Debug|Any CPU.ActiveCfg = Debug|Any CPU
		{D5313F88-498B-4A12-A4B7-E71923F9E9B2}.Debug|Any CPU.Build.0 = Debug|Any CPU
		{D5313F88-498B-4A12-A4B7-E71923F9E9B2}.Release|Any CPU.ActiveCfg = Release|Any CPU
		{D5313F88-498B-4A12-A4B7-E71923F9E9B2}.Release|Any CPU.Build.0 = Release|Any CPU
		{2F8F8CB2-786D-423F-B53F-97E59CBAF688}.Debug|Any CPU.ActiveCfg = Debug|Any CPU
		{2F8F8CB2-786D-423F-B53F-97E59CBAF688}.Debug|Any CPU.Build.0 = Debug|Any CPU
		{2F8F8CB2-786D-423F-B53F-97E59CBAF688}.Release|Any CPU.ActiveCfg = Release|Any CPU
		{2F8F8CB2-786D-423F-B53F-97E59CBAF688}.Release|Any CPU.Build.0 = Release|Any CPU
		{FA68C197-0B8D-4666-BFB4-4872906AACFC}.Debug|Any CPU.ActiveCfg = Debug|Any CPU
		{FA68C197-0B8D-4666-BFB4-4872906AACFC}.Debug|Any CPU.Build.0 = Debug|Any CPU
		{FA68C197-0B8D-4666-BFB4-4872906AACFC}.Release|Any CPU.ActiveCfg = Release|Any CPU
		{FA68C197-0B8D-4666-BFB4-4872906AACFC}.Release|Any CPU.Build.0 = Release|Any CPU
		{7DF22143-E1FF-4DA6-BF1C-2F83C6540E47}.Debug|Any CPU.ActiveCfg = Debug|Any CPU
		{7DF22143-E1FF-4DA6-BF1C-2F83C6540E47}.Debug|Any CPU.Build.0 = Debug|Any CPU
		{7DF22143-E1FF-4DA6-BF1C-2F83C6540E47}.Release|Any CPU.ActiveCfg = Release|Any CPU
		{7DF22143-E1FF-4DA6-BF1C-2F83C6540E47}.Release|Any CPU.Build.0 = Release|Any CPU
		{06EC1F75-0A92-4F1A-A818-A1004C935556}.Debug|Any CPU.ActiveCfg = Debug|Any CPU
		{06EC1F75-0A92-4F1A-A818-A1004C935556}.Debug|Any CPU.Build.0 = Debug|Any CPU
		{06EC1F75-0A92-4F1A-A818-A1004C935556}.Release|Any CPU.ActiveCfg = Release|Any CPU
		{06EC1F75-0A92-4F1A-A818-A1004C935556}.Release|Any CPU.Build.0 = Release|Any CPU
		{16E9CC82-91DA-4706-812B-1C1B4E4131B5}.Debug|Any CPU.ActiveCfg = Debug|Any CPU
		{16E9CC82-91DA-4706-812B-1C1B4E4131B5}.Debug|Any CPU.Build.0 = Debug|Any CPU
		{16E9CC82-91DA-4706-812B-1C1B4E4131B5}.Release|Any CPU.ActiveCfg = Release|Any CPU
		{16E9CC82-91DA-4706-812B-1C1B4E4131B5}.Release|Any CPU.Build.0 = Release|Any CPU
		{1086C0F1-AAC7-4ACE-9E97-C2C28965A9DE}.Debug|Any CPU.ActiveCfg = Debug|Any CPU
		{1086C0F1-AAC7-4ACE-9E97-C2C28965A9DE}.Debug|Any CPU.Build.0 = Debug|Any CPU
		{1086C0F1-AAC7-4ACE-9E97-C2C28965A9DE}.Release|Any CPU.ActiveCfg = Release|Any CPU
		{1086C0F1-AAC7-4ACE-9E97-C2C28965A9DE}.Release|Any CPU.Build.0 = Release|Any CPU
		{054B43B6-2BC3-426E-A734-903B6087FE1F}.Debug|Any CPU.ActiveCfg = Debug|Any CPU
		{054B43B6-2BC3-426E-A734-903B6087FE1F}.Debug|Any CPU.Build.0 = Debug|Any CPU
		{054B43B6-2BC3-426E-A734-903B6087FE1F}.Release|Any CPU.ActiveCfg = Release|Any CPU
		{054B43B6-2BC3-426E-A734-903B6087FE1F}.Release|Any CPU.Build.0 = Release|Any CPU
		{E1174B7D-AE8C-464E-B390-44D41642B430}.Debug|Any CPU.ActiveCfg = Debug|Any CPU
		{E1174B7D-AE8C-464E-B390-44D41642B430}.Debug|Any CPU.Build.0 = Debug|Any CPU
		{E1174B7D-AE8C-464E-B390-44D41642B430}.Release|Any CPU.ActiveCfg = Release|Any CPU
		{E1174B7D-AE8C-464E-B390-44D41642B430}.Release|Any CPU.Build.0 = Release|Any CPU
		{08A90172-73A5-49F8-BCE6-1A78AC4C8E82}.Debug|Any CPU.ActiveCfg = Debug|Any CPU
		{08A90172-73A5-49F8-BCE6-1A78AC4C8E82}.Debug|Any CPU.Build.0 = Debug|Any CPU
		{08A90172-73A5-49F8-BCE6-1A78AC4C8E82}.Release|Any CPU.ActiveCfg = Release|Any CPU
		{08A90172-73A5-49F8-BCE6-1A78AC4C8E82}.Release|Any CPU.Build.0 = Release|Any CPU
		{86A311F9-44B4-4F71-B84D-29EF486BF21B}.Debug|Any CPU.ActiveCfg = Debug|Any CPU
		{86A311F9-44B4-4F71-B84D-29EF486BF21B}.Debug|Any CPU.Build.0 = Debug|Any CPU
		{86A311F9-44B4-4F71-B84D-29EF486BF21B}.Release|Any CPU.ActiveCfg = Release|Any CPU
		{86A311F9-44B4-4F71-B84D-29EF486BF21B}.Release|Any CPU.Build.0 = Release|Any CPU
		{E94BBE24-18FD-49A4-BA5E-810B3CD47172}.Debug|Any CPU.ActiveCfg = Debug|Any CPU
		{E94BBE24-18FD-49A4-BA5E-810B3CD47172}.Debug|Any CPU.Build.0 = Debug|Any CPU
		{E94BBE24-18FD-49A4-BA5E-810B3CD47172}.Release|Any CPU.ActiveCfg = Release|Any CPU
		{E94BBE24-18FD-49A4-BA5E-810B3CD47172}.Release|Any CPU.Build.0 = Release|Any CPU
		{8DA562B4-6255-4199-AB0A-823D241C6E8A}.Debug|Any CPU.ActiveCfg = Debug|Any CPU
		{8DA562B4-6255-4199-AB0A-823D241C6E8A}.Debug|Any CPU.Build.0 = Debug|Any CPU
		{8DA562B4-6255-4199-AB0A-823D241C6E8A}.Release|Any CPU.ActiveCfg = Release|Any CPU
		{8DA562B4-6255-4199-AB0A-823D241C6E8A}.Release|Any CPU.Build.0 = Release|Any CPU
		{49DA977E-4C9F-42CA-BBB3-B99C26A0470F}.Debug|Any CPU.ActiveCfg = Debug|Any CPU
		{49DA977E-4C9F-42CA-BBB3-B99C26A0470F}.Debug|Any CPU.Build.0 = Debug|Any CPU
		{49DA977E-4C9F-42CA-BBB3-B99C26A0470F}.Release|Any CPU.ActiveCfg = Release|Any CPU
		{49DA977E-4C9F-42CA-BBB3-B99C26A0470F}.Release|Any CPU.Build.0 = Release|Any CPU
		{888DF1BF-7BB1-4A40-BBD0-A8E5EE066E58}.Debug|Any CPU.ActiveCfg = Debug|Any CPU
		{888DF1BF-7BB1-4A40-BBD0-A8E5EE066E58}.Debug|Any CPU.Build.0 = Debug|Any CPU
		{888DF1BF-7BB1-4A40-BBD0-A8E5EE066E58}.Release|Any CPU.ActiveCfg = Release|Any CPU
		{888DF1BF-7BB1-4A40-BBD0-A8E5EE066E58}.Release|Any CPU.Build.0 = Release|Any CPU
		{FCE1993E-4F4B-4B18-B594-44531B988DB4}.Debug|Any CPU.ActiveCfg = Debug|Any CPU
		{FCE1993E-4F4B-4B18-B594-44531B988DB4}.Debug|Any CPU.Build.0 = Debug|Any CPU
		{FCE1993E-4F4B-4B18-B594-44531B988DB4}.Release|Any CPU.ActiveCfg = Release|Any CPU
		{FCE1993E-4F4B-4B18-B594-44531B988DB4}.Release|Any CPU.Build.0 = Release|Any CPU
		{A40E27B2-5770-438D-94C4-CD2F10745398}.Debug|Any CPU.ActiveCfg = Debug|Any CPU
		{A40E27B2-5770-438D-94C4-CD2F10745398}.Debug|Any CPU.Build.0 = Debug|Any CPU
		{A40E27B2-5770-438D-94C4-CD2F10745398}.Release|Any CPU.ActiveCfg = Release|Any CPU
		{A40E27B2-5770-438D-94C4-CD2F10745398}.Release|Any CPU.Build.0 = Release|Any CPU
		{CB600552-285B-4368-9845-04B8ED154B27}.Debug|Any CPU.ActiveCfg = Debug|Any CPU
		{CB600552-285B-4368-9845-04B8ED154B27}.Debug|Any CPU.Build.0 = Debug|Any CPU
		{CB600552-285B-4368-9845-04B8ED154B27}.Release|Any CPU.ActiveCfg = Release|Any CPU
		{CB600552-285B-4368-9845-04B8ED154B27}.Release|Any CPU.Build.0 = Release|Any CPU
		{7F8E466C-6EB4-48B5-A0F6-07233F31FA0A}.Debug|Any CPU.ActiveCfg = Debug|Any CPU
		{7F8E466C-6EB4-48B5-A0F6-07233F31FA0A}.Debug|Any CPU.Build.0 = Debug|Any CPU
		{7F8E466C-6EB4-48B5-A0F6-07233F31FA0A}.Release|Any CPU.ActiveCfg = Release|Any CPU
		{7F8E466C-6EB4-48B5-A0F6-07233F31FA0A}.Release|Any CPU.Build.0 = Release|Any CPU
		{14AB864E-BCB7-4AE6-958F-17FFF2BA4F36}.Debug|Any CPU.ActiveCfg = Debug|Any CPU
		{14AB864E-BCB7-4AE6-958F-17FFF2BA4F36}.Debug|Any CPU.Build.0 = Debug|Any CPU
		{14AB864E-BCB7-4AE6-958F-17FFF2BA4F36}.Release|Any CPU.ActiveCfg = Release|Any CPU
		{14AB864E-BCB7-4AE6-958F-17FFF2BA4F36}.Release|Any CPU.Build.0 = Release|Any CPU
		{6DB332A1-607B-4040-B743-B60D42915BF9}.Debug|Any CPU.ActiveCfg = Debug|Any CPU
		{6DB332A1-607B-4040-B743-B60D42915BF9}.Debug|Any CPU.Build.0 = Debug|Any CPU
		{6DB332A1-607B-4040-B743-B60D42915BF9}.Release|Any CPU.ActiveCfg = Release|Any CPU
		{6DB332A1-607B-4040-B743-B60D42915BF9}.Release|Any CPU.Build.0 = Release|Any CPU
		{4B40BC9D-E888-485F-A0D0-EB9E5699D7A1}.Debug|Any CPU.ActiveCfg = Debug|Any CPU
		{4B40BC9D-E888-485F-A0D0-EB9E5699D7A1}.Debug|Any CPU.Build.0 = Debug|Any CPU
		{4B40BC9D-E888-485F-A0D0-EB9E5699D7A1}.Release|Any CPU.ActiveCfg = Release|Any CPU
		{4B40BC9D-E888-485F-A0D0-EB9E5699D7A1}.Release|Any CPU.Build.0 = Release|Any CPU
		{D56880AA-BCEE-4E72-B1A2-C196C760D258}.Debug|Any CPU.ActiveCfg = Debug|Any CPU
		{D56880AA-BCEE-4E72-B1A2-C196C760D258}.Debug|Any CPU.Build.0 = Debug|Any CPU
		{D56880AA-BCEE-4E72-B1A2-C196C760D258}.Release|Any CPU.ActiveCfg = Release|Any CPU
		{D56880AA-BCEE-4E72-B1A2-C196C760D258}.Release|Any CPU.Build.0 = Release|Any CPU
		{9D6D9859-79E8-4143-A021-428365BA8CB5}.Debug|Any CPU.ActiveCfg = Debug|Any CPU
		{9D6D9859-79E8-4143-A021-428365BA8CB5}.Debug|Any CPU.Build.0 = Debug|Any CPU
		{9D6D9859-79E8-4143-A021-428365BA8CB5}.Release|Any CPU.ActiveCfg = Release|Any CPU
		{9D6D9859-79E8-4143-A021-428365BA8CB5}.Release|Any CPU.Build.0 = Release|Any CPU
		{555ABF1F-4D29-47C4-B2FD-373922054712}.Debug|Any CPU.ActiveCfg = Debug|Any CPU
		{555ABF1F-4D29-47C4-B2FD-373922054712}.Debug|Any CPU.Build.0 = Debug|Any CPU
		{555ABF1F-4D29-47C4-B2FD-373922054712}.Release|Any CPU.ActiveCfg = Release|Any CPU
		{555ABF1F-4D29-47C4-B2FD-373922054712}.Release|Any CPU.Build.0 = Release|Any CPU
		{FB6ACE7C-ACB5-4643-9842-DC2ED03372EF}.Debug|Any CPU.ActiveCfg = Debug|Any CPU
		{FB6ACE7C-ACB5-4643-9842-DC2ED03372EF}.Debug|Any CPU.Build.0 = Debug|Any CPU
		{FB6ACE7C-ACB5-4643-9842-DC2ED03372EF}.Release|Any CPU.ActiveCfg = Release|Any CPU
		{FB6ACE7C-ACB5-4643-9842-DC2ED03372EF}.Release|Any CPU.Build.0 = Release|Any CPU
		{FAAD71D7-9909-41B9-B047-A26D72914C7C}.Debug|Any CPU.ActiveCfg = Debug|Any CPU
		{FAAD71D7-9909-41B9-B047-A26D72914C7C}.Debug|Any CPU.Build.0 = Debug|Any CPU
		{FAAD71D7-9909-41B9-B047-A26D72914C7C}.Release|Any CPU.ActiveCfg = Release|Any CPU
		{FAAD71D7-9909-41B9-B047-A26D72914C7C}.Release|Any CPU.Build.0 = Release|Any CPU
		{305CA141-88FF-4DE3-92B0-46F4F8FC90EE}.Debug|Any CPU.ActiveCfg = Debug|Any CPU
		{305CA141-88FF-4DE3-92B0-46F4F8FC90EE}.Debug|Any CPU.Build.0 = Debug|Any CPU
		{305CA141-88FF-4DE3-92B0-46F4F8FC90EE}.Release|Any CPU.ActiveCfg = Release|Any CPU
		{305CA141-88FF-4DE3-92B0-46F4F8FC90EE}.Release|Any CPU.Build.0 = Release|Any CPU
		{2365E528-D1DB-43CF-B6A8-021F2F972799}.Debug|Any CPU.ActiveCfg = Debug|Any CPU
		{2365E528-D1DB-43CF-B6A8-021F2F972799}.Debug|Any CPU.Build.0 = Debug|Any CPU
		{2365E528-D1DB-43CF-B6A8-021F2F972799}.Release|Any CPU.ActiveCfg = Release|Any CPU
		{2365E528-D1DB-43CF-B6A8-021F2F972799}.Release|Any CPU.Build.0 = Release|Any CPU
		{601F3508-2101-492A-BD65-F7BB34D2614A}.Debug|Any CPU.ActiveCfg = Debug|Any CPU
		{601F3508-2101-492A-BD65-F7BB34D2614A}.Debug|Any CPU.Build.0 = Debug|Any CPU
		{601F3508-2101-492A-BD65-F7BB34D2614A}.Release|Any CPU.ActiveCfg = Release|Any CPU
		{601F3508-2101-492A-BD65-F7BB34D2614A}.Release|Any CPU.Build.0 = Release|Any CPU
		{CAA0FD28-0988-4BB6-99A2-D69CE527D683}.Debug|Any CPU.ActiveCfg = Debug|Any CPU
		{CAA0FD28-0988-4BB6-99A2-D69CE527D683}.Debug|Any CPU.Build.0 = Debug|Any CPU
		{CAA0FD28-0988-4BB6-99A2-D69CE527D683}.Release|Any CPU.ActiveCfg = Release|Any CPU
		{CAA0FD28-0988-4BB6-99A2-D69CE527D683}.Release|Any CPU.Build.0 = Release|Any CPU
		{6F1A3025-BBD3-4103-A68B-8259D82FCD77}.Debug|Any CPU.ActiveCfg = Debug|Any CPU
		{6F1A3025-BBD3-4103-A68B-8259D82FCD77}.Debug|Any CPU.Build.0 = Debug|Any CPU
		{6F1A3025-BBD3-4103-A68B-8259D82FCD77}.Release|Any CPU.ActiveCfg = Release|Any CPU
		{6F1A3025-BBD3-4103-A68B-8259D82FCD77}.Release|Any CPU.Build.0 = Release|Any CPU
		{6AC92835-F480-4FD5-A469-58ECF2EE4158}.Debug|Any CPU.ActiveCfg = Debug|Any CPU
		{6AC92835-F480-4FD5-A469-58ECF2EE4158}.Debug|Any CPU.Build.0 = Debug|Any CPU
		{6AC92835-F480-4FD5-A469-58ECF2EE4158}.Release|Any CPU.ActiveCfg = Release|Any CPU
		{6AC92835-F480-4FD5-A469-58ECF2EE4158}.Release|Any CPU.Build.0 = Release|Any CPU
		{1B6687AA-C55B-42BE-BD3C-B3ACAA1EC219}.Debug|Any CPU.ActiveCfg = Debug|Any CPU
		{1B6687AA-C55B-42BE-BD3C-B3ACAA1EC219}.Debug|Any CPU.Build.0 = Debug|Any CPU
		{1B6687AA-C55B-42BE-BD3C-B3ACAA1EC219}.Release|Any CPU.ActiveCfg = Release|Any CPU
		{1B6687AA-C55B-42BE-BD3C-B3ACAA1EC219}.Release|Any CPU.Build.0 = Release|Any CPU
		{31D77AB0-ED45-456A-86A9-6811FBEC56CC}.Debug|Any CPU.ActiveCfg = Debug|Any CPU
		{31D77AB0-ED45-456A-86A9-6811FBEC56CC}.Debug|Any CPU.Build.0 = Debug|Any CPU
		{31D77AB0-ED45-456A-86A9-6811FBEC56CC}.Release|Any CPU.ActiveCfg = Release|Any CPU
		{31D77AB0-ED45-456A-86A9-6811FBEC56CC}.Release|Any CPU.Build.0 = Release|Any CPU
		{DB1F63E1-4402-48AC-A7B9-0602579CFF43}.Debug|Any CPU.ActiveCfg = Debug|Any CPU
		{DB1F63E1-4402-48AC-A7B9-0602579CFF43}.Debug|Any CPU.Build.0 = Debug|Any CPU
		{DB1F63E1-4402-48AC-A7B9-0602579CFF43}.Release|Any CPU.ActiveCfg = Release|Any CPU
		{DB1F63E1-4402-48AC-A7B9-0602579CFF43}.Release|Any CPU.Build.0 = Release|Any CPU
		{8BBA4496-C481-4951-88E6-C92A276CF787}.Debug|Any CPU.ActiveCfg = Debug|Any CPU
		{8BBA4496-C481-4951-88E6-C92A276CF787}.Debug|Any CPU.Build.0 = Debug|Any CPU
		{8BBA4496-C481-4951-88E6-C92A276CF787}.Release|Any CPU.ActiveCfg = Release|Any CPU
		{8BBA4496-C481-4951-88E6-C92A276CF787}.Release|Any CPU.Build.0 = Release|Any CPU
	EndGlobalSection
	GlobalSection(SolutionProperties) = preSolution
		HideSolutionNode = FALSE
	EndGlobalSection
	GlobalSection(NestedProjects) = preSolution
		{E3FB6D7A-9554-4F15-88AF-31A29AE75AA8} = {17580D7A-84D1-4CE3-B69D-2D407209BDCC}
		{F8E4709C-D1AB-4DA3-9314-4DF096BDED13} = {17580D7A-84D1-4CE3-B69D-2D407209BDCC}
		{17580D7A-84D1-4CE3-B69D-2D407209BDCC} = {F0483D24-D512-47F3-AD89-2E6AAE0D89AA}
		{55267FA4-273E-41B5-8E7F-4A8992C05502} = {B89E48A3-3A0B-4647-8C0E-46EA540DE0D2}
		{A551B4DC-A325-40EE-9566-6E4369592139} = {B89E48A3-3A0B-4647-8C0E-46EA540DE0D2}
		{B89E48A3-3A0B-4647-8C0E-46EA540DE0D2} = {F0483D24-D512-47F3-AD89-2E6AAE0D89AA}
		{C265C753-4964-4410-B419-D81458B556BF} = {F0483D24-D512-47F3-AD89-2E6AAE0D89AA}
		{9B13BAAD-1BD5-4AAF-A4DF-F310F5B8C9B3} = {C265C753-4964-4410-B419-D81458B556BF}
		{C2CFA2C9-713C-4146-A573-C7DCBFA9BA55} = {C265C753-4964-4410-B419-D81458B556BF}
		{96A3DC39-FF93-4232-B039-FF91294CDCDE} = {9C34A586-34A6-472F-B937-08DBCADBAB87}
		{20329014-01A5-4820-87F8-DAA69D47C91D} = {9C34A586-34A6-472F-B937-08DBCADBAB87}
		{9C34A586-34A6-472F-B937-08DBCADBAB87} = {F0483D24-D512-47F3-AD89-2E6AAE0D89AA}
		{9541054B-BDB9-41A3-8BE9-08449F5CCA96} = {AD4F5230-E4D6-4712-9700-FE859C6EFC4D}
		{D5313F88-498B-4A12-A4B7-E71923F9E9B2} = {E4E34842-1EE5-4F1E-B231-81EE83DF3BC5}
		{AD4F5230-E4D6-4712-9700-FE859C6EFC4D} = {84EC8A14-E179-4A40-8C23-90D03C142992}
		{E4E34842-1EE5-4F1E-B231-81EE83DF3BC5} = {84EC8A14-E179-4A40-8C23-90D03C142992}
		{2F8F8CB2-786D-423F-B53F-97E59CBAF688} = {2A0B3BFF-4AFC-4AC5-AF9E-BCC08CDD6BC1}
		{FA68C197-0B8D-4666-BFB4-4872906AACFC} = {2A0B3BFF-4AFC-4AC5-AF9E-BCC08CDD6BC1}
		{7DF22143-E1FF-4DA6-BF1C-2F83C6540E47} = {685819A0-68B0-4BC6-B987-73F98B7405C0}
		{06EC1F75-0A92-4F1A-A818-A1004C935556} = {685819A0-68B0-4BC6-B987-73F98B7405C0}
		{3FE880BF-CC04-4789-BA7A-342E996FDAB4} = {2EF58965-2483-47F0-AF5D-3C1FF34E5300}
		{36D2430C-0693-4C81-BB8B-C63AC980702C} = {3FE880BF-CC04-4789-BA7A-342E996FDAB4}
		{16E9CC82-91DA-4706-812B-1C1B4E4131B5} = {36D2430C-0693-4C81-BB8B-C63AC980702C}
		{1086C0F1-AAC7-4ACE-9E97-C2C28965A9DE} = {36D2430C-0693-4C81-BB8B-C63AC980702C}
		{404F5CC3-6F2D-468F-B83B-460CC60C2FF5} = {3FE880BF-CC04-4789-BA7A-342E996FDAB4}
		{054B43B6-2BC3-426E-A734-903B6087FE1F} = {404F5CC3-6F2D-468F-B83B-460CC60C2FF5}
		{E1174B7D-AE8C-464E-B390-44D41642B430} = {404F5CC3-6F2D-468F-B83B-460CC60C2FF5}
		{C266B2FE-1E37-40DE-8780-A3E54864B56F} = {3FE880BF-CC04-4789-BA7A-342E996FDAB4}
		{08A90172-73A5-49F8-BCE6-1A78AC4C8E82} = {C266B2FE-1E37-40DE-8780-A3E54864B56F}
		{86A311F9-44B4-4F71-B84D-29EF486BF21B} = {C266B2FE-1E37-40DE-8780-A3E54864B56F}
		{5B7948AC-B5B4-4B55-8933-755075DCE4AE} = {2EF58965-2483-47F0-AF5D-3C1FF34E5300}
		{E94BBE24-18FD-49A4-BA5E-810B3CD47172} = {21B6A8E2-DFC0-4488-A9C6-BD4E87FF902A}
		{21B6A8E2-DFC0-4488-A9C6-BD4E87FF902A} = {5B7948AC-B5B4-4B55-8933-755075DCE4AE}
		{8DA562B4-6255-4199-AB0A-823D241C6E8A} = {21B6A8E2-DFC0-4488-A9C6-BD4E87FF902A}
		{C8A9959D-E7EC-4C8E-A6F5-0B5C24CDA56F} = {5B7948AC-B5B4-4B55-8933-755075DCE4AE}
		{49DA977E-4C9F-42CA-BBB3-B99C26A0470F} = {C8A9959D-E7EC-4C8E-A6F5-0B5C24CDA56F}
		{888DF1BF-7BB1-4A40-BBD0-A8E5EE066E58} = {C8A9959D-E7EC-4C8E-A6F5-0B5C24CDA56F}
		{30EEDE78-4BE9-48FD-B0A6-AE2C1A39F855} = {5B7948AC-B5B4-4B55-8933-755075DCE4AE}
		{FCE1993E-4F4B-4B18-B594-44531B988DB4} = {30EEDE78-4BE9-48FD-B0A6-AE2C1A39F855}
		{A40E27B2-5770-438D-94C4-CD2F10745398} = {30EEDE78-4BE9-48FD-B0A6-AE2C1A39F855}
		{A3ECFC0A-C186-484C-8DCD-9BF1371241E6} = {2EF58965-2483-47F0-AF5D-3C1FF34E5300}
		{A0AB84B6-45EC-429E-974B-939CF0D8FAAC} = {A3ECFC0A-C186-484C-8DCD-9BF1371241E6}
		{CB600552-285B-4368-9845-04B8ED154B27} = {A0AB84B6-45EC-429E-974B-939CF0D8FAAC}
		{7F8E466C-6EB4-48B5-A0F6-07233F31FA0A} = {A0AB84B6-45EC-429E-974B-939CF0D8FAAC}
		{74A4C65A-2DA5-4350-B822-C2A66F5A1368} = {A3ECFC0A-C186-484C-8DCD-9BF1371241E6}
		{14AB864E-BCB7-4AE6-958F-17FFF2BA4F36} = {74A4C65A-2DA5-4350-B822-C2A66F5A1368}
		{6DB332A1-607B-4040-B743-B60D42915BF9} = {74A4C65A-2DA5-4350-B822-C2A66F5A1368}
		{786CC589-C736-4E30-861F-D856781DF981} = {A3ECFC0A-C186-484C-8DCD-9BF1371241E6}
		{4B40BC9D-E888-485F-A0D0-EB9E5699D7A1} = {786CC589-C736-4E30-861F-D856781DF981}
		{D56880AA-BCEE-4E72-B1A2-C196C760D258} = {786CC589-C736-4E30-861F-D856781DF981}
		{AB692E27-DB3C-4F17-99E6-1A2FD0A55C05} = {E1C7D6CA-8661-4FC9-A0B6-9902297C3367}
		{9D6D9859-79E8-4143-A021-428365BA8CB5} = {AB692E27-DB3C-4F17-99E6-1A2FD0A55C05}
		{555ABF1F-4D29-47C4-B2FD-373922054712} = {AB692E27-DB3C-4F17-99E6-1A2FD0A55C05}
		{20D256E6-99C3-48BA-89C7-73E26840BAFF} = {E1C7D6CA-8661-4FC9-A0B6-9902297C3367}
		{FB6ACE7C-ACB5-4643-9842-DC2ED03372EF} = {20D256E6-99C3-48BA-89C7-73E26840BAFF}
		{FAAD71D7-9909-41B9-B047-A26D72914C7C} = {20D256E6-99C3-48BA-89C7-73E26840BAFF}
		{AF5978D4-6435-45D6-8A50-49008D76BFDD} = {763E72C0-611C-4411-9421-FD022406A701}
		{305CA141-88FF-4DE3-92B0-46F4F8FC90EE} = {AF5978D4-6435-45D6-8A50-49008D76BFDD}
		{2365E528-D1DB-43CF-B6A8-021F2F972799} = {AF5978D4-6435-45D6-8A50-49008D76BFDD}
		{601F3508-2101-492A-BD65-F7BB34D2614A} = {AF5978D4-6435-45D6-8A50-49008D76BFDD}
		{A1297A0C-8404-4BC6-8819-5FD88A6B01DA} = {7458AA09-1DEC-48A3-B65D-424C5BC54D3D}
		{CAA0FD28-0988-4BB6-99A2-D69CE527D683} = {A1297A0C-8404-4BC6-8819-5FD88A6B01DA}
		{6F1A3025-BBD3-4103-A68B-8259D82FCD77} = {A1297A0C-8404-4BC6-8819-5FD88A6B01DA}
		{6AC92835-F480-4FD5-A469-58ECF2EE4158} = {A1297A0C-8404-4BC6-8819-5FD88A6B01DA}
		{1B6687AA-C55B-42BE-BD3C-B3ACAA1EC219} = {7A795BEE-500B-4509-9CA9-BC460DB37590}
		{31D77AB0-ED45-456A-86A9-6811FBEC56CC} = {7A795BEE-500B-4509-9CA9-BC460DB37590}
		{DB1F63E1-4402-48AC-A7B9-0602579CFF43} = {7A795BEE-500B-4509-9CA9-BC460DB37590}
		{8BBA4496-C481-4951-88E6-C92A276CF787} = {7A795BEE-500B-4509-9CA9-BC460DB37590}
	EndGlobalSection
	GlobalSection(ExtensibilityGlobals) = postSolution
		SolutionGuid = {29A55418-7880-4312-8C7F-8676A0EA5BAE}
	EndGlobalSection
EndGlobal
